
Microsoft Visual Studio Solution File, Format Version 12.00
# Visual Studio Version 16
VisualStudioVersion = 16.0.29609.76
MinimumVisualStudioVersion = 10.0.40219.1
Project("{FAE04EC0-301F-11D3-BF4B-00C04F79EFBC}") = "RhinoFaro", "RhinoFaro\RhinoFaro.csproj", "{16E3AEFE-9554-47EC-AC87-D7D43FD5DB24}"
EndProject
Global
	GlobalSection(SolutionConfigurationPlatforms) = preSolution
		Debug|x64 = Debug|x64
		Release|x64 = Release|x64
	EndGlobalSection
	GlobalSection(ProjectConfigurationPlatforms) = postSolution
		{16E3AEFE-9554-47EC-AC87-D7D43FD5DB24}.Debug|x64.ActiveCfg = Debug|x64
		{16E3AEFE-9554-47EC-AC87-D7D43FD5DB24}.Debug|x64.Build.0 = Debug|x64
		{16E3AEFE-9554-47EC-AC87-D7D43FD5DB24}.Release|x64.ActiveCfg = Release|x64
		{16E3AEFE-9554-47EC-AC87-D7D43FD5DB24}.Release|x64.Build.0 = Release|x64
	EndGlobalSection
	GlobalSection(SolutionProperties) = preSolution
		HideSolutionNode = FALSE
	EndGlobalSection
	GlobalSection(ExtensibilityGlobals) = postSolution
		SolutionGuid = {0D05DE19-0C49-405E-9E1F-F2C04828D2DC}
	EndGlobalSection
EndGlobal
